lockfileVersion: '9.0'

settings:
  autoInstallPeers: true
  excludeLinksFromLockfile: false

importers:

  .:
    dependencies:
      '@prisma/client':
        specifier: 5.17.0
        version: 5.17.0(prisma@5.17.0)
      chalk:
        specifier: ^5.3.0
        version: 5.3.0
      chalk-table:
        specifier: ^1.0.2
        version: 1.0.2
      commander:
        specifier: ^12.1.0
        version: 12.1.0
      inquirer:
        specifier: ^10.1.2
        version: 10.1.2
      invariant:
        specifier: ^2.2.4
        version: 2.2.4
      ky:
        specifier: ^1.5.0
        version: 1.5.0
      tslog:
        specifier: ^4.9.3
        version: 4.9.3
    devDependencies:
      '@types/invariant':
        specifier: ^2.2.37
        version: 2.2.37
      '@types/node':
        specifier: ^22.0.0
        version: 22.0.0
      prisma:
        specifier: 5.17.0
        version: 5.17.0
      typescript:
        specifier: ^5.5.4
        version: 5.5.4

packages:

  '@inquirer/checkbox@2.4.2':
    resolution: {integrity: sha512-iZRNbTlSB9xXt/+jdMFViBdxw1ILWu3365rzfM5OLwAyOScbDFFGSH7LEUwoq1uOIo48ymOEwYSqP5y8hQMlmA==}
    engines: {node: '>=18'}

  '@inquirer/confirm@3.1.17':
    resolution: {integrity: sha512-qCpt/AABzPynz8tr69VDvhcjwmzAryipWXtW8Vi6m651da4H/d0Bdn55LkxXD7Rp2gfgxvxzTdb66AhIA8gzBA==}
    engines: {node: '>=18'}

  '@inquirer/core@9.0.5':
    resolution: {integrity: sha512-QWG41I7vn62O9stYKg/juKXt1PEbr/4ZZCPb4KgXDQGwgA9M5NBTQ7FnOvT1ridbxkm/wTxLCNraUs7y47pIRQ==}
    engines: {node: '>=18'}

  '@inquirer/editor@2.1.17':
    resolution: {integrity: sha512-hwx3VpFQzOY2hFWnY+XPsUGCIUVQ5kYxH6+CExv/RbMiAoN3zXtzj8DyrWBOHami0vBrrnPS8CTq3uQWc7N2BA==}
    engines: {node: '>=18'}

  '@inquirer/expand@2.1.17':
    resolution: {integrity: sha512-s4V/dC+GeE5s97xoTtZSmC440uNKePKqZgzqEf0XM63ciilnXAtKGvoAWOePFdlK+oGTz0d8bhbPKwpKGvRYfg==}
    engines: {node: '>=18'}

  '@inquirer/figures@1.0.5':
    resolution: {integrity: sha512-79hP/VWdZ2UVc9bFGJnoQ/lQMpL74mGgzSYX1xUqCVk7/v73vJCMw1VuyWN1jGkZ9B3z7THAbySqGbCNefcjfA==}
    engines: {node: '>=18'}

  '@inquirer/input@2.2.4':
    resolution: {integrity: sha512-wvYnDITPQn+ltktj/O9kQjPxOvpmwcpxLWh8brAyD+jlEbihxtrx9cZdZcxqaCVQj3caw4eZa2Uq5xELo4yXkA==}
    engines: {node: '>=18'}

  '@inquirer/number@1.0.5':
    resolution: {integrity: sha512-+H6TJPU2AJEcoF6nVTWssxS7gnhxWvf6CkILAdfq/yGm/htBKNDrvYLYaJvi1Be/aXQoKID9FaP94bUCjOvJNQ==}
    engines: {node: '>=18'}

  '@inquirer/password@2.1.17':
    resolution: {integrity: sha512-/u6DM/fDHXoBWyA+9aRhghkeo5smE7wO9k4E2UoJbgiRCkt3JjBEuBqLOJNrz8E16M0ez4UM1vd5cXrmICHW+A==}
    engines: {node: '>=18'}

  '@inquirer/prompts@5.3.2':
    resolution: {integrity: sha512-8Jv+6rbY98ilFAZMYYfetu6XGXF/ZU44i5Z6Jx4t0xmwDh/AihdBV/FgetzDDZZMv5AMW1MT35LI0FiS55LoXw==}
    engines: {node: '>=18'}

  '@inquirer/rawlist@2.1.17':
    resolution: {integrity: sha512-RFrw34xU5aVlMA3ZJCaeKGxYjhu3j4i46O2GMmaRRGeLObCRM1yOKQOsRclSTzjd4A7+M5QleR2iuW/68J9Kwg==}
    engines: {node: '>=18'}

  '@inquirer/search@1.0.2':
    resolution: {integrity: sha512-E/JD3MeJwJeNilOnRDmHGnlUksyVqrTQEUNqkRpioj8J0sVxW7+pFRHBM2coFsiCpvI4XKRRhWsai5VP8rrfrQ==}
    engines: {node: '>=18'}

  '@inquirer/select@2.4.2':
    resolution: {integrity: sha512-r78JlgShqRxyAtBDeBHSDtfrOhSQwm2ecWGGaxe7kD9JwgL3UN563G1ncVRYdsWD7/tigflcskfipVeoDLhLJg==}
    engines: {node: '>=18'}

  '@inquirer/type@1.5.1':
    resolution: {integrity: sha512-m3YgGQlKNS0BM+8AFiJkCsTqHEFCWn6s/Rqye3mYwvqY6LdfUv12eSwbsgNzrYyrLXiy7IrrjDLPysaSBwEfhw==}
    engines: {node: '>=18'}

  '@prisma/client@5.17.0':
    resolution: {integrity: sha512-N2tnyKayT0Zf7mHjwEyE8iG7FwTmXDHFZ1GnNhQp0pJUObsuel4ZZ1XwfuAYkq5mRIiC/Kot0kt0tGCfLJ70Jw==}
    engines: {node: '>=16.13'}
    peerDependencies:
      prisma: '*'
    peerDependenciesMeta:
      prisma:
        optional: true

  '@prisma/debug@5.17.0':
    resolution: {integrity: sha512-l7+AteR3P8FXiYyo496zkuoiJ5r9jLQEdUuxIxNCN1ud8rdbH3GTxm+f+dCyaSv9l9WY+29L9czaVRXz9mULfg==}

  '@prisma/engines-version@5.17.0-31.393aa359c9ad4a4bb28630fb5613f9c281cde053':
    resolution: {integrity: sha512-tUuxZZysZDcrk5oaNOdrBnnkoTtmNQPkzINFDjz7eG6vcs9AVDmA/F6K5Plsb2aQc/l5M2EnFqn3htng9FA4hg==}

  '@prisma/engines@5.17.0':
    resolution: {integrity: sha512-+r+Nf+JP210Jur+/X8SIPLtz+uW9YA4QO5IXA+KcSOBe/shT47bCcRMTYCbOESw3FFYFTwe7vU6KTWHKPiwvtg==}

  '@prisma/fetch-engine@5.17.0':
    resolution: {integrity: sha512-ESxiOaHuC488ilLPnrv/tM2KrPhQB5TRris/IeIV4ZvUuKeaicCl4Xj/JCQeG9IlxqOgf1cCg5h5vAzlewN91Q==}

  '@prisma/get-platform@5.17.0':
    resolution: {integrity: sha512-UlDgbRozCP1rfJ5Tlkf3Cnftb6srGrEQ4Nm3og+1Se2gWmCZ0hmPIi+tQikGDUVLlvOWx3Gyi9LzgRP+HTXV9w==}

  '@types/invariant@2.2.37':
    resolution: {integrity: sha512-IwpIMieE55oGWiXkQPSBY1nw1nFs6bsKXTFskNY8sdS17K24vyEBRQZEwlRS7ZmXCWnJcQtbxWzly+cODWGs2A==}

  '@types/mute-stream@0.0.4':
    resolution: {integrity: sha512-CPM9nzrCPPJHQNA9keH9CVkVI+WR5kMa+7XEs5jcGQ0VoAGnLv242w8lIVgwAEfmE4oufJRaTc9PNLQl0ioAow==}

  '@types/node@20.14.13':
    resolution: {integrity: sha512-+bHoGiZb8UiQ0+WEtmph2IWQCjIqg8MDZMAV+ppRRhUZnquF5mQkP/9vpSwJClEiSM/C7fZZExPzfU0vJTyp8w==}

  '@types/node@22.0.0':
    resolution: {integrity: sha512-VT7KSYudcPOzP5Q0wfbowyNLaVR8QWUdw+088uFWwfvpY6uCWaXpqV6ieLAu9WBcnTa7H4Z5RLK8I5t2FuOcqw==}

  '@types/wrap-ansi@3.0.0':
    resolution: {integrity: sha512-ltIpx+kM7g/MLRZfkbL7EsCEjfzCcScLpkg37eXEtx5kmrAKBkTJwd1GIAjDSL8wTpM6Hzn5YO4pSb91BEwu1g==}

  ansi-escapes@4.3.2:
    resolution: {integrity: sha512-gKXj5ALrKWQLsYG9jlTRmR/xKluxHV+Z9QEwNIgCfM1/uwPMCuzVVnh5mwTd+OuBZcwSIMbqssNWRm1lE51QaQ==}
    engines: {node: '>=8'}

  ansi-regex@4.1.1:
    resolution: {integrity: sha512-ILlv4k/3f6vfQ4OoP2AGvirOktlQ98ZEL1k9FaQjxa3L1abBgbuTDAdPOpvbGncC0BTVQrl+OM8xZGK6tWXt7g==}
    engines: {node: '>=6'}

  ansi-regex@5.0.1:
    resolution: {integrity: sha512-quJQXlTSUGL2LH9SUXo8VwsY4soanhgo6LNSm84E1LBcE8s3O0wpdiRzyR9z/ZZJMlMWv37qOOb9pdJlMUEKFQ==}
    engines: {node: '>=8'}

  ansi-styles@3.2.1:
    resolution: {integrity: sha512-VT0ZI6kZRdTh8YyJw3SMbYm/u+NqfsAxEpWO0Pf9sq8/e94WxxOpPKx9FR1FlyCtOVDNOQ+8ntlqFxiRc+r5qA==}
    engines: {node: '>=4'}

  ansi-styles@4.3.0:
    resolution: {integrity: sha512-zbB9rCJAT1rbjiVDb2hqKFHNYLxgtk8NURxZ3IZwD3F6NtxbXZQCnnSi1Lkx+IDohdPlFp222wVALIheZJQSEg==}
    engines: {node: '>=8'}

  chalk-table@1.0.2:
    resolution: {integrity: sha512-lmtmQtr/GCtbiJiiuXPE5lj0arIXJir5hSjIhye/4Uyr7oTQlP+ufPnHzUS3Bre0xS/VWbz9NfeuPnvse9BXoQ==}

  chalk@2.4.2:
    resolution: {integrity: sha512-Mti+f9lpJNcwF4tWV8/OrTTtF1gZi+f8FqlyAdouralcFWFQWF2+NgCHShjkCb+IFBLq9buZwE1xckQU4peSuQ==}
    engines: {node: '>=4'}

  chalk@5.3.0:
    resolution: {integrity: sha512-dLitG79d+GV1Nb/VYcCDFivJeK1hiukt9QjRNVOsUtTy1rR1YJsmpGGTZ3qJos+uw7WmWF4wUwBd9jxjocFC2w==}
    engines: {node: ^12.17.0 || ^14.13 || >=16.0.0}

  chardet@0.7.0:
    resolution: {integrity: sha512-mT8iDcrh03qDGRRmoA2hmBJnxpllMR+0/0qlzjqZES6NdiWDcZkCNAk4rPFZ9Q85r27unkiNNg8ZOiwZXBHwcA==}

  cli-spinners@2.9.2:
    resolution: {integrity: sha512-ywqV+5MmyL4E7ybXgKys4DugZbX0FC6LnwrhjuykIjnK9k8OQacQ7axGKnjDXWNhns0xot3bZI5h55H8yo9cJg==}
    engines: {node: '>=6'}

  cli-width@4.1.0:
    resolution: {integrity: sha512-ouuZd4/dm2Sw5Gmqy6bGyNNNe1qt9RpmxveLSO7KcgsTnU7RXfsw+/bukWGo1abgBiMAic068rclZsO4IWmmxQ==}
    engines: {node: '>= 12'}

  color-convert@1.9.3:
    resolution: {integrity: sha512-QfAUtd+vFdAtFQcC8CCyYt1fYWxSqAiK2cSD6zDB8N3cpsEBAvRxp9zOGg6G/SHHJYAT88/az/IuDGALsNVbGg==}

  color-convert@2.0.1:
    resolution: {integrity: sha512-RRECPsj7iu/xb5oKYcsFHSppFNnsj/52OVTRKb4zP5onXwVF3zVmmToNcOfGC+CRDpfK/U584fMg38ZHCaElKQ==}
    engines: {node: '>=7.0.0'}

  color-name@1.1.3:
    resolution: {integrity: sha512-72fSenhMw2HZMTVHeCA9KCmpEIbzWiQsjN+BHcBbS9vr1mtt+vJjPdksIBNUmKAW8TFUDPJK5SUU3QhE9NEXDw==}

  color-name@1.1.4:
    resolution: {integrity: sha512-dOy+3AuW3a2wNbZHIuMZpTcgjGuLU/uBL/ubcZF9OXbDo8ff4O8yVp5Bf0efS8uEoYo5q4Fx7dY9OgQGXgAsQA==}

  commander@12.1.0:
    resolution: {integrity: sha512-Vw8qHK3bZM9y/P10u3Vib8o/DdkvA2OtPtZvD871QKjy74Wj1WSKFILMPRPSdUSx5RFK1arlJzEtA4PkFgnbuA==}
    engines: {node: '>=18'}

  emoji-regex@8.0.0:
    resolution: {integrity: sha512-MSjYzcWNOA0ewAHpz0MxpYFvwg6yjy1NG3xteoqz644VCo/RPgnr1/GGt+ic3iJTzQ8Eu3TdM14SawnVUmGE6A==}

  escape-string-regexp@1.0.5:
    resolution: {integrity: sha512-vbRorB5FUQWvla16U8R/qgaFIya2qGzwDrNmCZuYKrbdSUMG6I1ZCGQRefkRVhuOkIGVne7BQ35DSfo1qvJqFg==}
    engines: {node: '>=0.8.0'}

  external-editor@3.1.0:
    resolution: {integrity: sha512-hMQ4CX1p1izmuLYyZqLMO/qGNw10wSv9QDCPfzXfyFrOaCSSoRfqE1Kf1s5an66J5JZC62NewG+mK49jOCtQew==}
    engines: {node: '>=4'}

  has-flag@3.0.0:
    resolution: {integrity: sha512-sKJf1+ceQBr4SMkvQnBDNDtf4TXpVhVGateu0t918bl30FnbE2m4vNLX+VWe/dpjlb+HugGYzW7uQXH98HPEYw==}
    engines: {node: '>=4'}

  iconv-lite@0.4.24:
    resolution: {integrity: sha512-v3MXnZAcvnywkTUEZomIActle7RXXeedOR31wwl7VlyoXO4Qi9arvSenNQWne1TcRwhCL1HwLI21bEqdpj8/rA==}
    engines: {node: '>=0.10.0'}

  inquirer@10.1.2:
    resolution: {integrity: sha512-rwoy4e2xFz3rru5Q5695rKXLbNlVfODRhRftBEPdxHfbGzN1T8Fxzszcb//SaRnQHsRdiwR8dOZOV+y4SoZ4KQ==}
    engines: {node: '>=18'}

  invariant@2.2.4:
    resolution: {integrity: sha512-phJfQVBuaJM5raOpJjSfkiD6BpbCE4Ns//LaXl6wGYtUBY83nWS6Rf9tXm2e8VaK60JEjYldbPif/A2B1C2gNA==}

  is-fullwidth-code-point@3.0.0:
    resolution: {integrity: sha512-zymm5+u+sCsSWyD9qNaejV3DFvhCKclKdizYaJUuHA83RLjb7nSuGnddCHGv0hk+KY7BMAlsWeK4Ueg6EV6XQg==}
    engines: {node: '>=8'}

  js-tokens@4.0.0:
    resolution: {integrity: sha512-RdJUflcE3cUzKiMqQgsCu06FPu9UdIJO0beYbPhHN4k6apgJtifcoCtT9bcxOpYBtpD2kCM6Sbzg4CausW/PKQ==}

  ky@1.5.0:
    resolution: {integrity: sha512-bkQo+UqryW6Zmo/DsixYZE4Z9t2mzvNMhceyIhuMuInb3knm5Q+GNGMKveydJAj+Z6piN1SwI6eR/V0G+Z0BtA==}
    engines: {node: '>=18'}

  loose-envify@1.4.0:
    resolution: {integrity: sha512-lyuxPGr/Wfhrlem2CL/UcnUc1zcqKAImBDzukY7Y5F/yQiNdko6+fRLevlw1HgMySw7f611UIY408EtxRSoK3Q==}
    hasBin: true

  mute-stream@1.0.0:
    resolution: {integrity: sha512-avsJQhyd+680gKXyG/sQc0nXaC6rBkPOfyHYcFb9+hdkqQkR9bdnkJ0AMZhke0oesPqIO+mFFJ+IdBc7mst4IA==}
    engines: {node: ^14.17.0 || ^16.13.0 || >=18.0.0}

  os-tmpdir@1.0.2:
    resolution: {integrity: sha512-D2FR03Vir7FIu45XBY20mTb+/ZSWB00sjU9jdQXt83gDrI4Ztz5Fs7/yy74g2N5SVQY4xY1qDr4rNddwYRVX0g==}
    engines: {node: '>=0.10.0'}

  prisma@5.17.0:
    resolution: {integrity: sha512-m4UWkN5lBE6yevqeOxEvmepnL5cNPEjzMw2IqDB59AcEV6w7D8vGljDLd1gPFH+W6gUxw9x7/RmN5dCS/WTPxA==}
    engines: {node: '>=16.13'}
    hasBin: true

  run-async@3.0.0:
    resolution: {integrity: sha512-540WwVDOMxA6dN6We19EcT9sc3hkXPw5mzRNGM3FkdN/vtE9NFvj5lFAPNwUDmJjXidm3v7TC1cTE7t17Ulm1Q==}
    engines: {node: '>=0.12.0'}

  rxjs@7.8.1:
    resolution: {integrity: sha512-AA3TVj+0A2iuIoQkWEK/tqFjBq2j+6PO6Y0zJcvzLAFhEFIO3HL0vls9hWLncZbAAbK0mar7oZ4V079I/qPMxg==}

  safer-buffer@2.1.2:
    resolution: {integrity: sha512-YZo3K82SD7Riyi0E1EQPojLz7kpepnSQI9IyPbHHg1XXXevb5dJI7tpyN2ADxGcQbHG7vcyRHk0cbwqcQriUtg==}

  signal-exit@4.1.0:
    resolution: {integrity: sha512-bzyZ1e88w9O1iNJbKnOlvYTrWPDl46O1bG0D3XInv+9tkPrxrN8jUUTiFlDkkmKWgn1M6CfIA13SuGqOa9Korw==}
    engines: {node: '>=14'}

  string-width@4.2.3:
    resolution: {integrity: sha512-wKyQRQpjJ0sIp62ErSZdGsjMJWsap5oRNihHhu6G7JVO/9jIB6UyevL+tXuOqrng8j/cxKTWyWUwvSTriiZz/g==}
    engines: {node: '>=8'}

  strip-ansi@5.2.0:
    resolution: {integrity: sha512-DuRs1gKbBqsMKIZlrffwlug8MHkcnpjs5VPmL1PAh+mA30U0DTotfDZ0d2UUsXpPmPmMMJ6W773MaA3J+lbiWA==}
    engines: {node: '>=6'}

  strip-ansi@6.0.1:
    resolution: {integrity: sha512-Y38VPSHcqkFrCpFnQ9vuSXmquuv5oXOKpGeT6aGrr3o3Gc9AlVa6JBfUSOCnbxGGZF+/0ooI7KrPuUSztUdU5A==}
    engines: {node: '>=8'}

  supports-color@5.5.0:
    resolution: {integrity: sha512-QjVjwdXIt408MIiAqCX4oUKsgU2EqAGzs2Ppkm4aQYbjm+ZEWEcW4SfFNTr4uMNZma0ey4f5lgLrkB0aX0QMow==}
    engines: {node: '>=4'}

  tmp@0.0.33:
    resolution: {integrity: sha512-jRCJlojKnZ3addtTOjdIqoRuPEKBvNXcGYqzO6zWZX8KfKEpnGY5jfggJQ3EjKuu8D4bJRr0y+cYJFmYbImXGw==}
    engines: {node: '>=0.6.0'}

  tslib@2.6.3:
    resolution: {integrity: sha512-xNvxJEOUiWPGhUuUdQgAJPKOOJfGnIyKySOc09XkKsgdUV/3E2zvwZYdejjmRgPCgcym1juLH3226yA7sEFJKQ==}

  tslog@4.9.3:
    resolution: {integrity: sha512-oDWuGVONxhVEBtschLf2cs/Jy8i7h1T+CpdkTNWQgdAF7DhRo2G8vMCgILKe7ojdEkLhICWgI1LYSSKaJsRgcw==}
    engines: {node: '>=16'}

  type-fest@0.21.3:
    resolution: {integrity: sha512-t0rzBq87m3fVcduHDUFhKmyyX+9eo6WQjZvf51Ea/M0Q7+T374Jp1aUiyUl0GKxp8M/OETVHSDvmkyPgvX+X2w==}
    engines: {node: '>=10'}

  typescript@5.5.4:
    resolution: {integrity: sha512-Mtq29sKDAEYP7aljRgtPOpTvOfbwRWlS6dPRzwjdE+C0R4brX/GUyhHSecbHMFLNBLcJIPt9nl9yG5TZ1weH+Q==}
    engines: {node: '>=14.17'}
    hasBin: true

  undici-types@5.26.5:
    resolution: {integrity: sha512-JlCMO+ehdEIKqlFxk6IfVoAUVmgz7cU7zD/h9XZ0qzeosSHmUJVOzSQvvYSYWXkFXC+IfLKSIffhv0sVZup6pA==}

  undici-types@6.11.1:
    resolution: {integrity: sha512-mIDEX2ek50x0OlRgxryxsenE5XaQD4on5U2inY7RApK3SOJpofyw7uW2AyfMKkhAxXIceo2DeWGVGwyvng1GNQ==}

  wrap-ansi@6.2.0:
    resolution: {integrity: sha512-r6lPcBGxZXlIcymEu7InxDMhdW0KDxpLgoFLcguasxCaJ/SOIZwINatK9KY/tf+ZrlywOKU0UDj3ATXUBfxJXA==}
    engines: {node: '>=8'}

  yoctocolors-cjs@2.1.2:
    resolution: {integrity: sha512-cYVsTjKl8b+FrnidjibDWskAv7UKOfcwaVZdp/it9n1s9fU3IkgDbhdIRKCW4JDsAlECJY0ytoVPT3sK6kideA==}
    engines: {node: '>=18'}

snapshots:

  '@inquirer/checkbox@2.4.2':
    dependencies:
      '@inquirer/core': 9.0.5
      '@inquirer/figures': 1.0.5
      '@inquirer/type': 1.5.1
      ansi-escapes: 4.3.2
      yoctocolors-cjs: 2.1.2

  '@inquirer/confirm@3.1.17':
    dependencies:
      '@inquirer/core': 9.0.5
      '@inquirer/type': 1.5.1

  '@inquirer/core@9.0.5':
    dependencies:
      '@inquirer/figures': 1.0.5
      '@inquirer/type': 1.5.1
      '@types/mute-stream': 0.0.4
      '@types/node': 20.14.13
      '@types/wrap-ansi': 3.0.0
      ansi-escapes: 4.3.2
      cli-spinners: 2.9.2
      cli-width: 4.1.0
      mute-stream: 1.0.0
      signal-exit: 4.1.0
      strip-ansi: 6.0.1
      wrap-ansi: 6.2.0
      yoctocolors-cjs: 2.1.2

  '@inquirer/editor@2.1.17':
    dependencies:
      '@inquirer/core': 9.0.5
      '@inquirer/type': 1.5.1
      external-editor: 3.1.0

  '@inquirer/expand@2.1.17':
    dependencies:
      '@inquirer/core': 9.0.5
      '@inquirer/type': 1.5.1
      yoctocolors-cjs: 2.1.2

  '@inquirer/figures@1.0.5': {}

  '@inquirer/input@2.2.4':
    dependencies:
      '@inquirer/core': 9.0.5
      '@inquirer/type': 1.5.1

  '@inquirer/number@1.0.5':
    dependencies:
      '@inquirer/core': 9.0.5
      '@inquirer/type': 1.5.1

  '@inquirer/password@2.1.17':
    dependencies:
      '@inquirer/core': 9.0.5
      '@inquirer/type': 1.5.1
      ansi-escapes: 4.3.2

  '@inquirer/prompts@5.3.2':
    dependencies:
      '@inquirer/checkbox': 2.4.2
      '@inquirer/confirm': 3.1.17
      '@inquirer/editor': 2.1.17
      '@inquirer/expand': 2.1.17
      '@inquirer/input': 2.2.4
      '@inquirer/number': 1.0.5
      '@inquirer/password': 2.1.17
      '@inquirer/rawlist': 2.1.17
      '@inquirer/search': 1.0.2
      '@inquirer/select': 2.4.2

  '@inquirer/rawlist@2.1.17':
    dependencies:
      '@inquirer/core': 9.0.5
      '@inquirer/type': 1.5.1
      yoctocolors-cjs: 2.1.2

  '@inquirer/search@1.0.2':
    dependencies:
      '@inquirer/core': 9.0.5
      '@inquirer/figures': 1.0.5
      '@inquirer/type': 1.5.1
      yoctocolors-cjs: 2.1.2

  '@inquirer/select@2.4.2':
    dependencies:
      '@inquirer/core': 9.0.5
      '@inquirer/figures': 1.0.5
      '@inquirer/type': 1.5.1
      ansi-escapes: 4.3.2
      yoctocolors-cjs: 2.1.2

  '@inquirer/type@1.5.1':
    dependencies:
      mute-stream: 1.0.0

  '@prisma/client@5.17.0(prisma@5.17.0)':
    optionalDependencies:
      prisma: 5.17.0

  '@prisma/debug@5.17.0': {}

  '@prisma/engines-version@5.17.0-31.393aa359c9ad4a4bb28630fb5613f9c281cde053': {}

  '@prisma/engines@5.17.0':
    dependencies:
      '@prisma/debug': 5.17.0
      '@prisma/engines-version': 5.17.0-31.393aa359c9ad4a4bb28630fb5613f9c281cde053
      '@prisma/fetch-engine': 5.17.0
      '@prisma/get-platform': 5.17.0

  '@prisma/fetch-engine@5.17.0':
    dependencies:
      '@prisma/debug': 5.17.0
      '@prisma/engines-version': 5.17.0-31.393aa359c9ad4a4bb28630fb5613f9c281cde053
      '@prisma/get-platform': 5.17.0

  '@prisma/get-platform@5.17.0':
    dependencies:
      '@prisma/debug': 5.17.0

  '@types/invariant@2.2.37': {}

  '@types/mute-stream@0.0.4':
    dependencies:
      '@types/node': 22.0.0

  '@types/node@20.14.13':
    dependencies:
      undici-types: 5.26.5

  '@types/node@22.0.0':
    dependencies:
      undici-types: 6.11.1

  '@types/wrap-ansi@3.0.0': {}

  ansi-escapes@4.3.2:
    dependencies:
      type-fest: 0.21.3

  ansi-regex@4.1.1: {}

  ansi-regex@5.0.1: {}

  ansi-styles@3.2.1:
    dependencies:
      color-convert: 1.9.3

  ansi-styles@4.3.0:
    dependencies:
      color-convert: 2.0.1

  chalk-table@1.0.2:
    dependencies:
      chalk: 2.4.2
      strip-ansi: 5.2.0

  chalk@2.4.2:
    dependencies:
      ansi-styles: 3.2.1
      escape-string-regexp: 1.0.5
      supports-color: 5.5.0

  chalk@5.3.0: {}

  chardet@0.7.0: {}

  cli-spinners@2.9.2: {}

  cli-width@4.1.0: {}

  color-convert@1.9.3:
    dependencies:
      color-name: 1.1.3

  color-convert@2.0.1:
    dependencies:
      color-name: 1.1.4

  color-name@1.1.3: {}

  color-name@1.1.4: {}

  commander@12.1.0: {}

  emoji-regex@8.0.0: {}

  escape-string-regexp@1.0.5: {}

  external-editor@3.1.0:
    dependencies:
      chardet: 0.7.0
      iconv-lite: 0.4.24
      tmp: 0.0.33

  has-flag@3.0.0: {}

  iconv-lite@0.4.24:
    dependencies:
      safer-buffer: 2.1.2

  inquirer@10.1.2:
    dependencies:
      '@inquirer/prompts': 5.3.2
      '@inquirer/type': 1.5.1
      '@types/mute-stream': 0.0.4
      ansi-escapes: 4.3.2
      mute-stream: 1.0.0
      run-async: 3.0.0
      rxjs: 7.8.1

  invariant@2.2.4:
    dependencies:
      loose-envify: 1.4.0

  is-fullwidth-code-point@3.0.0: {}

  js-tokens@4.0.0: {}

  ky@1.5.0: {}

  loose-envify@1.4.0:
    dependencies:
      js-tokens: 4.0.0

  mute-stream@1.0.0: {}

  os-tmpdir@1.0.2: {}

  prisma@5.17.0:
    dependencies:
      '@prisma/engines': 5.17.0

  run-async@3.0.0: {}

  rxjs@7.8.1:
    dependencies:
      tslib: 2.6.3

  safer-buffer@2.1.2: {}

  signal-exit@4.1.0: {}

  string-width@4.2.3:
    dependencies:
      emoji-regex: 8.0.0
      is-fullwidth-code-point: 3.0.0
      strip-ansi: 6.0.1

  strip-ansi@5.2.0:
    dependencies:
      ansi-regex: 4.1.1

  strip-ansi@6.0.1:
    dependencies:
      ansi-regex: 5.0.1

  supports-color@5.5.0:
    dependencies:
      has-flag: 3.0.0

  tmp@0.0.33:
    dependencies:
      os-tmpdir: 1.0.2

  tslib@2.6.3: {}

  tslog@4.9.3: {}

  type-fest@0.21.3: {}

  typescript@5.5.4: {}

  undici-types@5.26.5: {}

  undici-types@6.11.1: {}

  wrap-ansi@6.2.0:
    dependencies:
      ansi-styles: 4.3.0
      string-width: 4.2.3
      strip-ansi: 6.0.1

  yoctocolors-cjs@2.1.2: {}
